
Microsoft Visual Studio Solution File, Format Version 12.00
# Visual Studio Version 17
VisualStudioVersion = 17.4.33213.308
MinimumVisualStudioVersion = 10.0.40219.1
Project("{FAE04EC0-301F-11D3-BF4B-00C04F79EFBC}") = "Etkinlik-Yonetim-Sistemi", "Etkinlik-Yonetim-Sistemi.csproj", "{84F881F4-A0C4-4FE0-8782-08457EBBA240}"
EndProject
Global
	GlobalSection(SolutionConfigurationPlatforms) = preSolution
		Debug|Any CPU = Debug|Any CPU
		Release|Any CPU = Release|Any CPU
	EndGlobalSection
	GlobalSection(ProjectConfigurationPlatforms) = postSolution
		{84F881F4-A0C4-4FE0-8782-08457EBBA240}.Debug|Any CPU.ActiveCfg = Debug|Any CPU
		{84F881F4-A0C4-4FE0-8782-08457EBBA240}.Debug|Any CPU.Build.0 = Debug|Any CPU
		{84F881F4-A0C4-4FE0-8782-08457EBBA240}.Release|Any CPU.ActiveCfg = Release|Any CPU
		{84F881F4-A0C4-4FE0-8782-08457EBBA240}.Release|Any CPU.Build.0 = Release|Any CPU
	EndGlobalSection
	GlobalSection(SolutionProperties) = preSolution
		HideSolutionNode = FALSE
	EndGlobalSection
	GlobalSection(ExtensibilityGlobals) = postSolution
		SolutionGuid = {431751F0-E72E-412E-B6BF-595C44CA6C7B}
	EndGlobalSection
EndGlobal
